<?xml version="1.0" encoding="utf-8"?>
<Project ToolsVersion="4.0" xmlns="http://schemas.microsoft.com/developer/msbuild/2003">
  <ItemGroup>
    <Filter Include="资源文件">
      <UniqueIdentifier>{67DA6AB6-F800-4c08-8B7A-83BB121AAD01}</UniqueIdentifier>
      <Extensions>rc;ico;cur;bmp;dlg;rc2;rct;bin;rgs;gif;jpg;jpeg;jpe;resx;tiff;tif;png;wav;mfcribbon-ms</Extensions>
    </Filter>
    <Filter Include="源文件">
      <UniqueIdentifier>{951e164f-5c3b-49cc-850a-af0028267660}</UniqueIdentifier>
    </Filter>
    <Filter Include="头文件">
      <UniqueIdentifier>{e1ece0fe-65cd-4bb7-98bd-53d98495ce6f}</UniqueIdentifier>
    </Filter>
  </ItemGroup>
  <ItemGroup>
    <ClCompile Include="client.cpp">
      <Filter>源文件</Filter>
    </ClCompile>
  </ItemGroup>
  <ItemGroup>
    <ClInclude Include="CELLTask.hpp">
      <Filter>头文件</Filter>
    </ClInclude>
    <ClInclude Include="CELLTimestamp.hpp">
      <Filter>头文件</Filter>
    </ClInclude>
    <ClInclude Include="EasyTcpClient.hpp">
      <Filter>头文件</Filter>
    </ClInclude>
    <ClInclude Include="MessageHeader.hpp">
      <Filter>头文件</Filter>
    </ClInclude>
  </ItemGroup>
</Project>